
Microsoft Visual Studio Solution File, Format Version 12.00
# Visual Studio Version 17
VisualStudioVersion = 17.0.31612.314
MinimumVisualStudioVersion = 10.0.40219.1
Project("{9A19103F-16F7-4668-BE54-9A1E7A4F7556}") = "LogSuite.Server", "RiskSuite\Server\LogSuite.Server.csproj", "{E8BFB310-3D31-4471-BE56-B09DE3800760}"
	ProjectSection(ProjectDependencies) = postProject
		{1D16B27C-AFFF-4E40-B236-3B1159257268} = {1D16B27C-AFFF-4E40-B236-3B1159257268}
	EndProjectSection
EndProject
Project("{9A19103F-16F7-4668-BE54-9A1E7A4F7556}") = "LogSuite.Client", "RiskSuite\Client\LogSuite.Client.csproj", "{E40AD38A-B463-47AA-9887-11216E21318B}"
EndProject
Project("{9A19103F-16F7-4668-BE54-9A1E7A4F7556}") = "LogSuite.Shared", "RiskSuite\Shared\LogSuite.Shared.csproj", "{7042E12F-014E-4B9D-874C-C6092B6CBDE7}"
EndProject
Project("{9A19103F-16F7-4668-BE54-9A1E7A4F7556}") = "LogSuite.DataAccess", "RiskSuite\DataAccess\LogSuite.DataAccess.csproj", "{1D16B27C-AFFF-4E40-B236-3B1159257268}"
	ProjectSection(ProjectDependencies) = postProject
		{7042E12F-014E-4B9D-874C-C6092B6CBDE7} = {7042E12F-014E-4B9D-874C-C6092B6CBDE7}
	EndProjectSection
EndProject
Project("{9A19103F-16F7-4668-BE54-9A1E7A4F7556}") = "LogSuite.Business", "RiskSuite\Business\LogSuite.Business.csproj", "{5B0A1D68-D276-464A-B11E-F423D63AC58F}"
EndProject
Global
	GlobalSection(SolutionConfigurationPlatforms) = preSolution
		Debug|Any CPU = Debug|Any CPU
		Release|Any CPU = Release|Any CPU
	EndGlobalSection
	GlobalSection(ProjectConfigurationPlatforms) = postSolution
		{E8BFB310-3D31-4471-BE56-B09DE3800760}.Debug|Any CPU.ActiveCfg = Debug|Any CPU
		{E8BFB310-3D31-4471-BE56-B09DE3800760}.Debug|Any CPU.Build.0 = Debug|Any CPU
		{E8BFB310-3D31-4471-BE56-B09DE3800760}.Release|Any CPU.ActiveCfg = Release|Any CPU
		{E8BFB310-3D31-4471-BE56-B09DE3800760}.Release|Any CPU.Build.0 = Release|Any CPU
		{E40AD38A-B463-47AA-9887-11216E21318B}.Debug|Any CPU.ActiveCfg = Debug|Any CPU
		{E40AD38A-B463-47AA-9887-11216E21318B}.Debug|Any CPU.Build.0 = Debug|Any CPU
		{E40AD38A-B463-47AA-9887-11216E21318B}.Release|Any CPU.ActiveCfg = Release|Any CPU
		{E40AD38A-B463-47AA-9887-11216E21318B}.Release|Any CPU.Build.0 = Release|Any CPU
		{7042E12F-014E-4B9D-874C-C6092B6CBDE7}.Debug|Any CPU.ActiveCfg = Debug|Any CPU
		{7042E12F-014E-4B9D-874C-C6092B6CBDE7}.Debug|Any CPU.Build.0 = Debug|Any CPU
		{7042E12F-014E-4B9D-874C-C6092B6CBDE7}.Release|Any CPU.ActiveCfg = Release|Any CPU
		{7042E12F-014E-4B9D-874C-C6092B6CBDE7}.Release|Any CPU.Build.0 = Release|Any CPU
		{1D16B27C-AFFF-4E40-B236-3B1159257268}.Debug|Any CPU.ActiveCfg = Debug|Any CPU
		{1D16B27C-AFFF-4E40-B236-3B1159257268}.Debug|Any CPU.Build.0 = Debug|Any CPU
		{1D16B27C-AFFF-4E40-B236-3B1159257268}.Release|Any CPU.ActiveCfg = Release|Any CPU
		{1D16B27C-AFFF-4E40-B236-3B1159257268}.Release|Any CPU.Build.0 = Release|Any CPU
		{5B0A1D68-D276-464A-B11E-F423D63AC58F}.Debug|Any CPU.ActiveCfg = Debug|Any CPU
		{5B0A1D68-D276-464A-B11E-F423D63AC58F}.Debug|Any CPU.Build.0 = Debug|Any CPU
		{5B0A1D68-D276-464A-B11E-F423D63AC58F}.Release|Any CPU.ActiveCfg = Release|Any CPU
		{5B0A1D68-D276-464A-B11E-F423D63AC58F}.Release|Any CPU.Build.0 = Release|Any CPU
	EndGlobalSection
	GlobalSection(SolutionProperties) = preSolution
		HideSolutionNode = FALSE
	EndGlobalSection
	GlobalSection(ExtensibilityGlobals) = postSolution
		SolutionGuid = {F85DB805-800C-4208-ADC1-12FD27B16458}
	EndGlobalSection
EndGlobal
